// !$*UTF8*$!
{
	archiveVersion = 1;
	classes = {
	};
	objectVersion = 56;
	objects = {

/* Begin PBXBuildFile section */
		D4C6DF042C815E1B00B3FD77 /* andy_3nd_programApp.swift in Sources */ = {isa = PBXBuildFile; fileRef = D4C6DF032C815E1B00B3FD77 /* andy_3nd_programApp.swift */; };
		D4C6DF062C815E1B00B3FD77 /* ContentView.swift in Sources */ = {isa = PBXBuildFile; fileRef = D4C6DF052C815E1B00B3FD77 /* ContentView.swift */; };
		D4C6DF082C815E1D00B3FD77 /* Assets.xcassets in Resources */ = {isa = PBXBuildFile; fileRef = D4C6DF072C815E1D00B3FD77 /* Assets.xcassets */; };
		D4C6DF0B2C815E1D00B3FD77 /* Preview Assets.xcassets in Resources */ = {isa = PBXBuildFile; fileRef = D4C6DF0A2C815E1D00B3FD77 /* Preview Assets.xcassets */; };
		D4C6DF152C815E1D00B3FD77 /* andy_3nd_programTests.swift in Sources */ = {isa = PBXBuildFile; fileRef = D4C6DF142C815E1D00B3FD77 /* andy_3nd_programTests.swift */; };
		D4C6DF1F2C815E1D00B3FD77 /* andy_3nd_programUITests.swift in Sources */ = {isa = PBXBuildFile; fileRef = D4C6DF1E2C815E1D00B3FD77 /* andy_3nd_programUITests.swift */; };
		D4C6DF212C815E1D00B3FD77 /* andy_3nd_programUITestsLaunchTests.swift in Sources */ = {isa = PBXBuildFile; fileRef = D4C6DF202C815E1D00B3FD77 /* andy_3nd_programUITestsLaunchTests.swift */; };
/* End PBXBuildFile section */

/* Begin PBXContainerItemProxy section */
		D4C6DF112C815E1D00B3FD77 /* PBXContainerItemProxy */ = {
			isa = PBXContainerItemProxy;
			containerPortal = D4C6DEF82C815E1B00B3FD77 /* Project object */;
			proxyType = 1;
			remoteGlobalIDString = D4C6DEFF2C815E1B00B3FD77;
			remoteInfo = "andy 3nd program";
		};
		D4C6DF1B2C815E1D00B3FD77 /* PBXContainerItemProxy */ = {
			isa = PBXContainerItemProxy;
			containerPortal = D4C6DEF82C815E1B00B3FD77 /* Project object */;
			proxyType = 1;
			remoteGlobalIDString = D4C6DEFF2C815E1B00B3FD77;
			remoteInfo = "andy 3nd program";
		};
/* End PBXContainerItemProxy section */

/* Begin PBXFileReference section */
		D4C6DF002C815E1B00B3FD77 /* andy 3nd program.app */ = {isa = PBXFileReference; explicitFileType = wrapper.application; includeInIndex = 0; path = "andy 3nd program.app"; sourceTree = BUILT_PRODUCTS_DIR; };
		D4C6DF032C815E1B00B3FD77 /* andy_3nd_programApp.swift */ = {isa = PBXFileReference; lastKnownFileType = sourcecode.swift; path = andy_3nd_programApp.swift; sourceTree = "<group>"; };
		D4C6DF052C815E1B00B3FD77 /* ContentView.swift */ = {isa = PBXFileReference; lastKnownFileType = sourcecode.swift; path = ContentView.swift; sourceTree = "<group>"; };
		D4C6DF072C815E1D00B3FD77 /* Assets.xcassets */ = {isa = PBXFileReference; lastKnownFileType = folder.assetcatalog; path = Assets.xcassets; sourceTree = "<group>"; };
		D4C6DF0A2C815E1D00B3FD77 /* Preview Assets.xcassets */ = {isa = PBXFileReference; lastKnownFileType = folder.assetcatalog; path = "Preview Assets.xcassets"; sourceTree = "<group>"; };
		D4C6DF102C815E1D00B3FD77 /* andy 3nd programTests.xctest */ = {isa = PBXFileReference; explicitFileType = wrapper.cfbundle; includeInIndex = 0; path = "andy 3nd programTests.xctest"; sourceTree = BUILT_PRODUCTS_DIR; };
		D4C6DF142C815E1D00B3FD77 /* andy_3nd_programTests.swift */ = {isa = PBXFileReference; lastKnownFileType = sourcecode.swift; path = andy_3nd_programTests.swift; sourceTree = "<group>"; };
		D4C6DF1A2C815E1D00B3FD77 /* andy 3nd programUITests.xctest */ = {isa = PBXFileReference; explicitFileType = wrapper.cfbundle; includeInIndex = 0; path = "andy 3nd programUITests.xctest"; sourceTree = BUILT_PRODUCTS_DIR; };
		D4C6DF1E2C815E1D00B3FD77 /* andy_3nd_programUITests.swift */ = {isa = PBXFileReference; lastKnownFileType = sourcecode.swift; path = andy_3nd_programUITests.swift; sourceTree = "<group>"; };
		D4C6DF202C815E1D00B3FD77 /* andy_3nd_programUITestsLaunchTests.swift */ = {isa = PBXFileReference; lastKnownFileType = sourcecode.swift; path = andy_3nd_programUITestsLaunchTests.swift; sourceTree = "<group>"; };
/* End PBXFileReference section */

/* Begin PBXFrameworksBuildPhase section */
		D4C6DEFD2C815E1B00B3FD77 /* Frameworks */ = {
			isa = PBXFrameworksBuildPhase;
			buildActionMask = 2147483647;
			files = (
			);
			runOnlyForDeploymentPostprocessing = 0;
		};
		D4C6DF0D2C815E1D00B3FD77 /* Frameworks */ = {
			isa = PBXFrameworksBuildPhase;
			buildActionMask = 2147483647;
			files = (
			);
			runOnlyForDeploymentPostprocessing = 0;
		};
		D4C6DF172C815E1D00B3FD77 /* Frameworks */ = {
			isa = PBXFrameworksBuildPhase;
			buildActionMask = 2147483647;
			files = (
			);
			runOnlyForDeploymentPostprocessing = 0;
		};
/* End PBXFrameworksBuildPhase section */

/* Begin PBXGroup section */
		D4C6DEF72C815E1B00B3FD77 = {
			isa = PBXGroup;
			children = (
				D4C6DF022C815E1B00B3FD77 /* andy 3nd program */,
				D4C6DF132C815E1D00B3FD77 /* andy 3nd programTests */,
				D4C6DF1D2C815E1D00B3FD77 /* andy 3nd programUITests */,
				D4C6DF012C815E1B00B3FD77 /* Products */,
			);
			sourceTree = "<group>";
		};
		D4C6DF012C815E1B00B3FD77 /* Products */ = {
			isa = PBXGroup;
			children = (
				D4C6DF002C815E1B00B3FD77 /* andy 3nd program.app */,
				D4C6DF102C815E1D00B3FD77 /* andy 3nd programTests.xctest */,
				D4C6DF1A2C815E1D00B3FD77 /* andy 3nd programUITests.xctest */,
			);
			name = Products;
			sourceTree = "<group>";
		};
		D4C6DF022C815E1B00B3FD77 /* andy 3nd program */ = {
			isa = PBXGroup;
			children = (
				D4C6DF032C815E1B00B3FD77 /* andy_3nd_programApp.swift */,
				D4C6DF052C815E1B00B3FD77 /* ContentView.swift */,
				D4C6DF072C815E1D00B3FD77 /* Assets.xcassets */,
				D4C6DF092C815E1D00B3FD77 /* Preview Content */,
			);
			path = "andy 3nd program";
			sourceTree = "<group>";
		};
		D4C6DF092C815E1D00B3FD77 /* Preview Content */ = {
			isa = PBXGroup;
			children = (
				D4C6DF0A2C815E1D00B3FD77 /* Preview Assets.xcassets */,
			);
			path = "Preview Content";
			sourceTree = "<group>";
		};
		D4C6DF132C815E1D00B3FD77 /* andy 3nd programTests */ = {
			isa = PBXGroup;
			children = (
				D4C6DF142C815E1D00B3FD77 /* andy_3nd_programTests.swift */,
			);
			path = "andy 3nd programTests";
			sourceTree = "<group>";
		};
		D4C6DF1D2C815E1D00B3FD77 /* andy 3nd programUITests */ = {
			isa = PBXGroup;
			children = (
				D4C6DF1E2C815E1D00B3FD77 /* andy_3nd_programUITests.swift */,
				D4C6DF202C815E1D00B3FD77 /* andy_3nd_programUITestsLaunchTests.swift */,
			);
			path = "andy 3nd programUITests";
			sourceTree = "<group>";
		};
/* End PBXGroup section */

/* Begin PBXNativeTarget section */
		D4C6DEFF2C815E1B00B3FD77 /* andy 3nd program */ = {
			isa = PBXNativeTarget;
			buildConfigurationList = D4C6DF242C815E1D00B3FD77 /* Build configuration list for PBXNativeTarget "andy 3nd program" */;
			buildPhases = (
				D4C6DEFC2C815E1B00B3FD77 /* Sources */,
				D4C6DEFD2C815E1B00B3FD77 /* Frameworks */,
				D4C6DEFE2C815E1B00B3FD77 /* Resources */,
			);
			buildRules = (
			);
			dependencies = (
			);
			name = "andy 3nd program";
			productName = "andy 3nd program";
			productReference = D4C6DF002C815E1B00B3FD77 /* andy 3nd program.app */;
			productType = "com.apple.product-type.application";
		};
		D4C6DF0F2C815E1D00B3FD77 /* andy 3nd programTests */ = {
			isa = PBXNativeTarget;
			buildConfigurationList = D4C6DF272C815E1D00B3FD77 /* Build configuration list for PBXNativeTarget "andy 3nd programTests" */;
			buildPhases = (
				D4C6DF0C2C815E1D00B3FD77 /* Sources */,
				D4C6DF0D2C815E1D00B3FD77 /* Frameworks */,
				D4C6DF0E2C815E1D00B3FD77 /* Resources */,
			);
			buildRules = (
			);
			dependencies = (
				D4C6DF122C815E1D00B3FD77 /* PBXTargetDependency */,
			);
			name = "andy 3nd programTests";
			productName = "andy 3nd programTests";
			productReference = D4C6DF102C815E1D00B3FD77 /* andy 3nd programTests.xctest */;
			productType = "com.apple.product-type.bundle.unit-test";
		};
		D4C6DF192C815E1D00B3FD77 /* andy 3nd programUITests */ = {
			isa = PBXNativeTarget;
			buildConfigurationList = D4C6DF2A2C815E1D00B3FD77 /* Build configuration list for PBXNativeTarget "andy 3nd programUITests" */;
			buildPhases = (
				D4C6DF162C815E1D00B3FD77 /* Sources */,
				D4C6DF172C815E1D00B3FD77 /* Frameworks */,
				D4C6DF182C815E1D00B3FD77 /* Resources */,
			);
			buildRules = (
			);
			dependencies = (
				D4C6DF1C2C815E1D00B3FD77 /* PBXTargetDependency */,
			);
			name = "andy 3nd programUITests";
			productName = "andy 3nd programUITests";
			productReference = D4C6DF1A2C815E1D00B3FD77 /* andy 3nd programUITests.xctest */;
			productType = "com.apple.product-type.bundle.ui-testing";
		};
/* End PBXNativeTarget section */

/* Begin PBXProject section */
		D4C6DEF82C815E1B00B3FD77 /* Project object */ = {
			isa = PBXProject;
			attributes = {
				BuildIndependentTargetsInParallel = 1;
				LastSwiftUpdateCheck = 1540;
				LastUpgradeCheck = 1540;
				TargetAttributes = {
					D4C6DEFF2C815E1B00B3FD77 = {
						CreatedOnToolsVersion = 15.4;
					};
					D4C6DF0F2C815E1D00B3FD77 = {
						CreatedOnToolsVersion = 15.4;
						TestTargetID = D4C6DEFF2C815E1B00B3FD77;
					};
					D4C6DF192C815E1D00B3FD77 = {
						CreatedOnToolsVersion = 15.4;
						TestTargetID = D4C6DEFF2C815E1B00B3FD77;
					};
				};
			};
			buildConfigurationList = D4C6DEFB2C815E1B00B3FD77 /* Build configuration list for PBXProject "andy 3nd program" */;
			compatibilityVersion = "Xcode 14.0";
			developmentRegion = en;
			hasScannedForEncodings = 0;
			knownRegions = (
				en,
				Base,
			);
			mainGroup = D4C6DEF72C815E1B00B3FD77;
			productRefGroup = D4C6DF012C815E1B00B3FD77 /* Products */;
			projectDirPath = "";
			projectRoot = "";
			targets = (
				D4C6DEFF2C815E1B00B3FD77 /* andy 3nd program */,
				D4C6DF0F2C815E1D00B3FD77 /* andy 3nd programTests */,
				D4C6DF192C815E1D00B3FD77 /* andy 3nd programUITests */,
			);
		};
/* End PBXProject section */

/* Begin PBXResourcesBuildPhase section */
		D4C6DEFE2C815E1B00B3FD77 /* Resources */ = {
			isa = PBXResourcesBuildPhase;
			buildActionMask = 2147483647;
			files = (
				D4C6DF0B2C815E1D00B3FD77 /* Preview Assets.xcassets in Resources */,
				D4C6DF082C815E1D00B3FD77 /* Assets.xcassets in Resources */,
			);
			runOnlyForDeploymentPostprocessing = 0;
		};
		D4C6DF0E2C815E1D00B3FD77 /* Resources */ = {
			isa = PBXResourcesBuildPhase;
			buildActionMask = 2147483647;
			files = (
			);
			runOnlyForDeploymentPostprocessing = 0;
		};
		D4C6DF182C815E1D00B3FD77 /* Resources */ = {
			isa = PBXResourcesBuildPhase;
			buildActionMask = 2147483647;
			files = (
			);
			runOnlyForDeploymentPostprocessing = 0;
		};
/* End PBXResourcesBuildPhase section */

/* Begin PBXSourcesBuildPhase section */
		D4C6DEFC2C815E1B00B3FD77 /* Sources */ = {
			isa = PBXSourcesBuildPhase;
			buildActionMask = 2147483647;
			files = (
				D4C6DF062C815E1B00B3FD77 /* ContentView.swift in Sources */,
				D4C6DF042C815E1B00B3FD77 /* andy_3nd_programApp.swift in Sources */,
			);
			runOnlyForDeploymentPostprocessing = 0;
		};
		D4C6DF0C2C815E1D00B3FD77 /* Sources */ = {
			isa = PBXSourcesBuildPhase;
			buildActionMask = 2147483647;
			files = (
				D4C6DF152C815E1D00B3FD77 /* andy_3nd_programTests.swift in Sources */,
			);
			runOnlyForDeploymentPostprocessing = 0;
		};
		D4C6DF162C815E1D00B3FD77 /* Sources */ = {
			isa = PBXSourcesBuildPhase;
			buildActionMask = 2147483647;
			files = (
				D4C6DF1F2C815E1D00B3FD77 /* andy_3nd_programUITests.swift in Sources */,
				D4C6DF212C815E1D00B3FD77 /* andy_3nd_programUITestsLaunchTests.swift in Sources */,
			);
			runOnlyForDeploymentPostprocessing = 0;
		};
/* End PBXSourcesBuildPhase section */

/* Begin PBXTargetDependency section */
		D4C6DF122C815E1D00B3FD77 /* PBXTargetDependency */ = {
			isa = PBXTargetDependency;
			target = D4C6DEFF2C815E1B00B3FD77 /* andy 3nd program */;
			targetProxy = D4C6DF112C815E1D00B3FD77 /* PBXContainerItemProxy */;
		};
		D4C6DF1C2C815E1D00B3FD77 /* PBXTargetDependency */ = {
			isa = PBXTargetDependency;
			target = D4C6DEFF2C815E1B00B3FD77 /* andy 3nd program */;
			targetProxy = D4C6DF1B2C815E1D00B3FD77 /* PBXContainerItemProxy */;
		};
/* End PBXTargetDependency section */

/* Begin XCBuildConfiguration section */
		D4C6DF222C815E1D00B3FD77 /* Debug */ = {
			isa = XCBuildConfiguration;
			buildSettings = {
				ALWAYS_SEARCH_USER_PATHS = NO;
				ASSETCATALOG_COMPILER_GENERATE_SWIFT_ASSET_SYMBOL_EXTENSIONS = YES;
				CLANG_ANALYZER_NONNULL = YES;
				CLANG_ANALYZER_NUMBER_OBJECT_CONVERSION = YES_AGGRESSIVE;
				CLANG_CXX_LANGUAGE_STANDARD = "gnu++20";
				CLANG_ENABLE_MODULES = YES;
				CLANG_ENABLE_OBJC_ARC = YES;
				CLANG_ENABLE_OBJC_WEAK = YES;
				CLANG_WARN_BLOCK_CAPTURE_AUTORELEASING = YES;
				CLANG_WARN_BOOL_CONVERSION = YES;
				CLANG_WARN_COMMA = YES;
				CLANG_WARN_CONSTANT_CONVERSION = YES;
				CLANG_WARN_DEPRECATED_OBJC_IMPLEMENTATIONS = YES;
				CLANG_WARN_DIRECT_OBJC_ISA_USAGE = YES_ERROR;
				CLANG_WARN_DOCUMENTATION_COMMENTS = YES;
				CLANG_WARN_EMPTY_BODY = YES;
				CLANG_WARN_ENUM_CONVERSION = YES;
				CLANG_WARN_INFINITE_RECURSION = YES;
				CLANG_WARN_INT_CONVERSION = YES;
				CLANG_WARN_NON_LITERAL_NULL_CONVERSION = YES;
				CLANG_WARN_OBJC_IMPLICIT_RETAIN_SELF = YES;
				CLANG_WARN_OBJC_LITERAL_CONVERSION = YES;
				CLANG_WARN_OBJC_ROOT_CLASS = YES_ERROR;
				CLANG_WARN_QUOTED_INCLUDE_IN_FRAMEWORK_HEADER = YES;
				CLANG_WARN_RANGE_LOOP_ANALYSIS = YES;
				CLANG_WARN_STRICT_PROTOTYPES = YES;
				CLANG_WARN_SUSPICIOUS_MOVE = YES;
				CLANG_WARN_UNGUARDED_AVAILABILITY = YES_AGGRESSIVE;
				CLANG_WARN_UNREACHABLE_CODE = YES;
				CLANG_WARN__DUPLICATE_METHOD_MATCH = YES;
				COPY_PHASE_STRIP = NO;
				DEBUG_INFORMATION_FORMAT = dwarf;
				ENABLE_STRICT_OBJC_MSGSEND = YES;
				ENABLE_TESTABILITY = YES;
				ENABLE_USER_SCRIPT_SANDBOXING = YES;
				GCC_C_LANGUAGE_STANDARD = gnu17;
				GCC_DYNAMIC_NO_PIC = NO;
				GCC_NO_COMMON_BLOCKS = YES;
				GCC_OPTIMIZATION_LEVEL = 0;
				GCC_PREPROCESSOR_DEFINITIONS = (
					"DEBUG=1",
					"$(inherited)",
				);
				GCC_WARN_64_TO_32_BIT_CONVERSION = YES;
				GCC_WARN_ABOUT_RETURN_TYPE = YES_ERROR;
				GCC_WARN_UNDECLARED_SELECTOR = YES;
				GCC_WARN_UNINITIALIZED_AUTOS = YES_AGGRESSIVE;
				GCC_WARN_UNUSED_FUNCTION = YES;
				GCC_WARN_UNUSED_VARIABLE = YES;
				IPHONEOS_DEPLOYMENT_TARGET = 17.5;
				LOCALIZATION_PREFERS_STRING_CATALOGS = YES;
				MTL_ENABLE_DEBUG_INFO = INCLUDE_SOURCE;
				MTL_FAST_MATH = YES;
				ONLY_ACTIVE_ARCH = YES;
				SDKROOT = iphoneos;
				SWIFT_ACTIVE_COMPILATION_CONDITIONS = "DEBUG $(inherited)";
				SWIFT_OPTIMIZATION_LEVEL = "-Onone";
			};
			name = Debug;
		};
		D4C6DF232C815E1D00B3FD77 /* Release */ = {
			isa = XCBuildConfiguration;
			buildSettings = {
				ALWAYS_SEARCH_USER_PATHS = NO;
				ASSETCATALOG_COMPILER_GENERATE_SWIFT_ASSET_SYMBOL_EXTENSIONS = YES;
				CLANG_ANALYZER_NONNULL = YES;
				CLANG_ANALYZER_NUMBER_OBJECT_CONVERSION = YES_AGGRESSIVE;
				CLANG_CXX_LANGUAGE_STANDARD = "gnu++20";
				CLANG_ENABLE_MODULES = YES;
				CLANG_ENABLE_OBJC_ARC = YES;
				CLANG_ENABLE_OBJC_WEAK = YES;
				CLANG_WARN_BLOCK_CAPTURE_AUTORELEASING = YES;
				CLANG_WARN_BOOL_CONVERSION = YES;
				CLANG_WARN_COMMA = YES;
				CLANG_WARN_CONSTANT_CONVERSION = YES;
				CLANG_WARN_DEPRECATED_OBJC_IMPLEMENTATIONS = YES;
				CLANG_WARN_DIRECT_OBJC_ISA_USAGE = YES_ERROR;
				CLANG_WARN_DOCUMENTATION_COMMENTS = YES;
				CLANG_WARN_EMPTY_BODY = YES;
				CLANG_WARN_ENUM_CONVERSION = YES;
				CLANG_WARN_INFINITE_RECURSION = YES;
				CLANG_WARN_INT_CONVERSION = YES;
				CLANG_WARN_NON_LITERAL_NULL_CONVERSION = YES;
				CLANG_WARN_OBJC_IMPLICIT_RETAIN_SELF = YES;
				CLANG_WARN_OBJC_LITERAL_CONVERSION = YES;
				CLANG_WARN_OBJC_ROOT_CLASS = YES_ERROR;
				CLANG_WARN_QUOTED_INCLUDE_IN_FRAMEWORK_HEADER = YES;
				CLANG_WARN_RANGE_LOOP_ANALYSIS = YES;
				CLANG_WARN_STRICT_PROTOTYPES = YES;
				CLANG_WARN_SUSPICIOUS_MOVE = YES;
				CLANG_WARN_UNGUARDED_AVAILABILITY = YES_AGGRESSIVE;
				CLANG_WARN_UNREACHABLE_CODE = YES;
				CLANG_WARN__DUPLICATE_METHOD_MATCH = YES;
				COPY_PHASE_STRIP = NO;
				DEBUG_INFORMATION_FORMAT = "dwarf-with-dsym";
				ENABLE_NS_ASSERTIONS = NO;
				ENABLE_STRICT_OBJC_MSGSEND = YES;
				ENABLE_USER_SCRIPT_SANDBOXING = YES;
				GCC_C_LANGUAGE_STANDARD = gnu17;
				GCC_NO_COMMON_BLOCKS = YES;
				GCC_WARN_64_TO_32_BIT_CONVERSION = YES;
				GCC_WARN_ABOUT_RETURN_TYPE = YES_ERROR;
				GCC_WARN_UNDECLARED_SELECTOR = YES;
				GCC_WARN_UNINITIALIZED_AUTOS = YES_AGGRESSIVE;
				GCC_WARN_UNUSED_FUNCTION = YES;
				GCC_WARN_UNUSED_VARIABLE = YES;
				IPHONEOS_DEPLOYMENT_TARGET = 17.5;
				LOCALIZATION_PREFERS_STRING_CATALOGS = YES;
				MTL_ENABLE_DEBUG_INFO = NO;
				MTL_FAST_MATH = YES;
				SDKROOT = iphoneos;
				SWIFT_COMPILATION_MODE = wholemodule;
				VALIDATE_PRODUCT = YES;
			};
			name = Release;
		};
		D4C6DF252C815E1D00B3FD77 /* Debug */ = {
			isa = XCBuildConfiguration;
			buildSettings = {
				ASSETCATALOG_COMPILER_APPICON_NAME = AppIcon;
				ASSETCATALOG_COMPILER_GLOBAL_ACCENT_COLOR_NAME = AccentColor;
				CODE_SIGN_STYLE = Automatic;
				CURRENT_PROJECT_VERSION = 1;
				DEVELOPMENT_ASSET_PATHS = "\"andy 3nd program/Preview Content\"";
				DEVELOPMENT_TEAM = 72DGCSXBUM;
				ENABLE_PREVIEWS = YES;
				GENERATE_INFOPLIST_FILE = YES;
				INFOPLIST_KEY_UIApplicationSceneManifest_Generation = YES;
				INFOPLIST_KEY_UIApplicationSupportsIndirectInputEvents = YES;
				INFOPLIST_KEY_UILaunchScreen_Generation = YES;
				INFOPLIST_KEY_UISupportedInterfaceOrientations_iPad = "UIInterfaceOrientationPortrait UIInterfaceOrientationPortraitUpsideDown UIInterfaceOrientationLandscapeLeft UIInterfaceOrientationLandscapeRight";
				INFOPLIST_KEY_UISupportedInterfaceOrientations_iPhone = "UIInterfaceOrientationPortrait UIInterfaceOrientationLandscapeLeft UIInterfaceOrientationLandscapeRight";
				LD_RUNPATH_SEARCH_PATHS = (
					"$(inherited)",
					"@executable_path/Frameworks",
				);
				MARKETING_VERSION = 1.0;
				PRODUCT_BUNDLE_IDENTIFIER = "-66666.andy-3nd-program";
				PRODUCT_NAME = "$(TARGET_NAME)";
				SWIFT_EMIT_LOC_STRINGS = YES;
				SWIFT_VERSION = 5.0;
				TARGETED_DEVICE_FAMILY = "1,2";
			};
			name = Debug;
		};
		D4C6DF262C815E1D00B3FD77 /* Release */ = {
			isa = XCBuildConfiguration;
			buildSettings = {
				ASSETCATALOG_COMPILER_APPICON_NAME = AppIcon;
				ASSETCATALOG_COMPILER_GLOBAL_ACCENT_COLOR_NAME = AccentColor;
				CODE_SIGN_STYLE = Automatic;
				CURRENT_PROJECT_VERSION = 1;
				DEVELOPMENT_ASSET_PATHS = "\"andy 3nd program/Preview Content\"";
				DEVELOPMENT_TEAM = 72DGCSXBUM;
				ENABLE_PREVIEWS = YES;
				GENERATE_INFOPLIST_FILE = YES;
				INFOPLIST_KEY_UIApplicationSceneManifest_Generation = YES;
				INFOPLIST_KEY_UIApplicationSupportsIndirectInputEvents = YES;
				INFOPLIST_KEY_UILaunchScreen_Generation = YES;
				INFOPLIST_KEY_UISupportedInterfaceOrientations_iPad = "UIInterfaceOrientationPortrait UIInterfaceOrientationPortraitUpsideDown UIInterfaceOrientationLandscapeLeft UIInterfaceOrientationLandscapeRight";
				INFOPLIST_KEY_UISupportedInterfaceOrientations_iPhone = "UIInterfaceOrientationPortrait UIInterfaceOrientationLandscapeLeft UIInterfaceOrientationLandscapeRight";
				LD_RUNPATH_SEARCH_PATHS = (
					"$(inherited)",
					"@executable_path/Frameworks",
				);
				MARKETING_VERSION = 1.0;
				PRODUCT_BUNDLE_IDENTIFIER = "-66666.andy-3nd-program";
				PRODUCT_NAME = "$(TARGET_NAME)";
				SWIFT_EMIT_LOC_STRINGS = YES;
				SWIFT_VERSION = 5.0;
				TARGETED_DEVICE_FAMILY = "1,2";
			};
			name = Release;
		};
		D4C6DF282C815E1D00B3FD77 /* Debug */ = {
			isa = XCBuildConfiguration;
			buildSettings = {
				ALWAYS_EMBED_SWIFT_STANDARD_LIBRARIES = YES;
				BUNDLE_LOADER = "$(TEST_HOST)";
				CODE_SIGN_STYLE = Automatic;
				CURRENT_PROJECT_VERSION = 1;
				DEVELOPMENT_TEAM = 72DGCSXBUM;
				GENERATE_INFOPLIST_FILE = YES;
				IPHONEOS_DEPLOYMENT_TARGET = 17.5;
				MARKETING_VERSION = 1.0;
				PRODUCT_BUNDLE_IDENTIFIER = "-66666.andy-3nd-programTests";
				PRODUCT_NAME = "$(TARGET_NAME)";
				SWIFT_EMIT_LOC_STRINGS = NO;
				SWIFT_VERSION = 5.0;
				TARGETED_DEVICE_FAMILY = "1,2";
				TEST_HOST = "$(BUILT_PRODUCTS_DIR)/andy 3nd program.app/$(BUNDLE_EXECUTABLE_FOLDER_PATH)/andy 3nd program";
			};
			name = Debug;
		};
		D4C6DF292C815E1D00B3FD77 /* Release */ = {
			isa = XCBuildConfiguration;
			buildSettings = {
				ALWAYS_EMBED_SWIFT_STANDARD_LIBRARIES = YES;
				BUNDLE_LOADER = "$(TEST_HOST)";
				CODE_SIGN_STYLE = Automatic;
				CURRENT_PROJECT_VERSION = 1;
				DEVELOPMENT_TEAM = 72DGCSXBUM;
				GENERATE_INFOPLIST_FILE = YES;
				IPHONEOS_DEPLOYMENT_TARGET = 17.5;
				MARKETING_VERSION = 1.0;
				PRODUCT_BUNDLE_IDENTIFIER = "-66666.andy-3nd-programTests";
				PRODUCT_NAME = "$(TARGET_NAME)";
				SWIFT_EMIT_LOC_STRINGS = NO;
				SWIFT_VERSION = 5.0;
				TARGETED_DEVICE_FAMILY = "1,2";
				TEST_HOST = "$(BUILT_PRODUCTS_DIR)/andy 3nd program.app/$(BUNDLE_EXECUTABLE_FOLDER_PATH)/andy 3nd program";
			};
			name = Release;
		};
		D4C6DF2B2C815E1D00B3FD77 /* Debug */ = {
			isa = XCBuildConfiguration;
			buildSettings = {
				ALWAYS_EMBED_SWIFT_STANDARD_LIBRARIES = YES;
				CODE_SIGN_STYLE = Automatic;
				CURRENT_PROJECT_VERSION = 1;
				DEVELOPMENT_TEAM = 72DGCSXBUM;
				GENERATE_INFOPLIST_FILE = YES;
				MARKETING_VERSION = 1.0;
				PRODUCT_BUNDLE_IDENTIFIER = "-66666.andy-3nd-programUITests";
				PRODUCT_NAME = "$(TARGET_NAME)";
				SWIFT_EMIT_LOC_STRINGS = NO;
				SWIFT_VERSION = 5.0;
				TARGETED_DEVICE_FAMILY = "1,2";
				TEST_TARGET_NAME = "andy 3nd program";
			};
			name = Debug;
		};
		D4C6DF2C2C815E1D00B3FD77 /* Release */ = {
			isa = XCBuildConfiguration;
			buildSettings = {
				ALWAYS_EMBED_SWIFT_STANDARD_LIBRARIES = YES;
				CODE_SIGN_STYLE = Automatic;
				CURRENT_PROJECT_VERSION = 1;
				DEVELOPMENT_TEAM = 72DGCSXBUM;
				GENERATE_INFOPLIST_FILE = YES;
				MARKETING_VERSION = 1.0;
				PRODUCT_BUNDLE_IDENTIFIER = "-66666.andy-3nd-programUITests";
				PRODUCT_NAME = "$(TARGET_NAME)";
				SWIFT_EMIT_LOC_STRINGS = NO;
				SWIFT_VERSION = 5.0;
				TARGETED_DEVICE_FAMILY = "1,2";
				TEST_TARGET_NAME = "andy 3nd program";
			};
			name = Release;
		};
/* End XCBuildConfiguration section */

/* Begin XCConfigurationList section */
		D4C6DEFB2C815E1B00B3FD77 /* Build configuration list for PBXProject "andy 3nd program" */ = {
			isa = XCConfigurationList;
			buildConfigurations = (
				D4C6DF222C815E1D00B3FD77 /* Debug */,
				D4C6DF232C815E1D00B3FD77 /* Release */,
			);
			defaultConfigurationIsVisible = 0;
			defaultConfigurationName = Release;
		};
		D4C6DF242C815E1D00B3FD77 /* Build configuration list for PBXNativeTarget "andy 3nd program" */ = {
			isa = XCConfigurationList;
			buildConfigurations = (
				D4C6DF252C815E1D00B3FD77 /* Debug */,
				D4C6DF262C815E1D00B3FD77 /* Release */,
			);
			defaultConfigurationIsVisible = 0;
			defaultConfigurationName = Release;
		};
		D4C6DF272C815E1D00B3FD77 /* Build configuration list for PBXNativeTarget "andy 3nd programTests" */ = {
			isa = XCConfigurationList;
			buildConfigurations = (
				D4C6DF282C815E1D00B3FD77 /* Debug */,
				D4C6DF292C815E1D00B3FD77 /* Release */,
			);
			defaultConfigurationIsVisible = 0;
			defaultConfigurationName = Release;
		};
		D4C6DF2A2C815E1D00B3FD77 /* Build configuration list for PBXNativeTarget "andy 3nd programUITests" */ = {
			isa = XCConfigurationList;
			buildConfigurations = (
				D4C6DF2B2C815E1D00B3FD77 /* Debug */,
				D4C6DF2C2C815E1D00B3FD77 /* Release */,
			);
			defaultConfigurationIsVisible = 0;
			defaultConfigurationName = Release;
		};
/* End XCConfigurationList section */
	};
	rootObject = D4C6DEF82C815E1B00B3FD77 /* Project object */;
}
